
Microsoft Visual Studio Solution File, Format Version 12.00
# Visual Studio Version 16
VisualStudioVersion = 16.0.28922.388
MinimumVisualStudioVersion = 10.0.40219.1
Project("{888888A0-9F3D-457C-B088-3A5042F75D52}") = "MyDjangoProject", "MyDjangoProject.pyproj", "{3B031CBE-7D7E-4E9A-8C8E-F5F9595BF29C}"
EndProject
Global
	GlobalSection(SolutionConfigurationPlatforms) = preSolution
		Debug|Any CPU = Debug|Any CPU
		Release|Any CPU = Release|Any CPU
	EndGlobalSection
	GlobalSection(ProjectConfigurationPlatforms) = postSolution
		{3B031CBE-7D7E-4E9A-8C8E-F5F9595BF29C}.Debug|Any CPU.ActiveCfg = Debug|Any CPU
		{3B031CBE-7D7E-4E9A-8C8E-F5F9595BF29C}.Debug|Any CPU.Build.0 = Debug|Any CPU
		{3B031CBE-7D7E-4E9A-8C8E-F5F9595BF29C}.Release|Any CPU.ActiveCfg = Release|Any CPU
		{3B031CBE-7D7E-4E9A-8C8E-F5F9595BF29C}.Release|Any CPU.Build.0 = Release|Any CPU
	EndGlobalSection
	GlobalSection(SolutionProperties) = preSolution
		HideSolutionNode = FALSE
	EndGlobalSection
	GlobalSection(ExtensibilityGlobals) = postSolution
		SolutionGuid = {A1AB9502-90A4-4EF1-88B5-07340E730950}
	EndGlobalSection
EndGlobal
